
Microsoft Visual Studio Solution File, Format Version 12.00
# Visual Studio Version 16
VisualStudioVersion = 16.0.28803.156
MinimumVisualStudioVersion = 10.0.40219.1
Project("{FAE04EC0-301F-11D3-BF4B-00C04F79EFBC}") = "Author", "Author.csproj", "{4E6AB1CD-3933-4C4B-AF8E-ACBA541F2DCC}"
EndProject
Global
	GlobalSection(SolutionConfigurationPlatforms) = preSolution
		Debug|Any CPU = Debug|Any CPU
		Release|Any CPU = Release|Any CPU
	EndGlobalSection
	GlobalSection(ProjectConfigurationPlatforms) = postSolution
		{4E6AB1CD-3933-4C4B-AF8E-ACBA541F2DCC}.Debug|Any CPU.ActiveCfg = Debug|Any CPU
		{4E6AB1CD-3933-4C4B-AF8E-ACBA541F2DCC}.Debug|Any CPU.Build.0 = Debug|Any CPU
		{4E6AB1CD-3933-4C4B-AF8E-ACBA541F2DCC}.Release|Any CPU.ActiveCfg = Release|Any CPU
		{4E6AB1CD-3933-4C4B-AF8E-ACBA541F2DCC}.Release|Any CPU.Build.0 = Release|Any CPU
	EndGlobalSection
	GlobalSection(SolutionProperties) = preSolution
		HideSolutionNode = FALSE
	EndGlobalSection
	GlobalSection(ExtensibilityGlobals) = postSolution
		SolutionGuid = {82B0D5DC-2441-4AFF-B0C0-1B1A5FFA7A4D}
	EndGlobalSection
EndGlobal
